// !$*UTF8*$!
{
	archiveVersion = 1;
	classes = {
	};
	objectVersion = 51;
	objects = {

/* Begin PBXBuildFile section */
		7DE7B5FF9621ECFA06739919 /* Pods_GitInfo.framework in Frameworks */ = {isa = PBXBuildFile; fileRef = 79ED5B6C14B0F0B6D05E4819 /* Pods_GitInfo.framework */; };
		E9813E0324F54BFD00346F1F /* RepoByLogin.swift in Sources */ = {isa = PBXBuildFile; fileRef = E9813E0224F54BFD00346F1F /* RepoByLogin.swift */; };
		E9813E0524F54EA700346F1F /* RepoRequestObserver.swift in Sources */ = {isa = PBXBuildFile; fileRef = E9813E0424F54EA700346F1F /* RepoRequestObserver.swift */; };
		E9813E0724F54ED900346F1F /* RepoRequestManager.swift in Sources */ = {isa = PBXBuildFile; fileRef = E9813E0624F54ED900346F1F /* RepoRequestManager.swift */; };
		E9813E0C24F55D7400346F1F /* RepoTableViewCell.swift in Sources */ = {isa = PBXBuildFile; fileRef = E9813E0B24F55D7400346F1F /* RepoTableViewCell.swift */; };
		E9818E8424F44D18003E95AF /* AccountRequestManager.swift in Sources */ = {isa = PBXBuildFile; fileRef = E9818E8324F44D18003E95AF /* AccountRequestManager.swift */; };
		E9818E8624F44E4C003E95AF /* UserByLogin.swift in Sources */ = {isa = PBXBuildFile; fileRef = E9818E8524F44E4C003E95AF /* UserByLogin.swift */; };
		E9818E8824F44F41003E95AF /* AccountsSearchRequestObserver.swift in Sources */ = {isa = PBXBuildFile; fileRef = E9818E8724F44F41003E95AF /* AccountsSearchRequestObserver.swift */; };
		E9818E8A24F44F57003E95AF /* AccountByLoginRequestObserver.swift in Sources */ = {isa = PBXBuildFile; fileRef = E9818E8924F44F57003E95AF /* AccountByLoginRequestObserver.swift */; };
		E985B8A624F293CE002BAC3D /* AccountDescriptionViewController.swift in Sources */ = {isa = PBXBuildFile; fileRef = E985B8A524F293CE002BAC3D /* AccountDescriptionViewController.swift */; };
		E985B8A924F2940C002BAC3D /* AccountDescriptionViewModel.swift in Sources */ = {isa = PBXBuildFile; fileRef = E985B8A824F2940C002BAC3D /* AccountDescriptionViewModel.swift */; };
		E986F48A24ED55A100A520DC /* AppDelegate.swift in Sources */ = {isa = PBXBuildFile; fileRef = E986F48924ED55A100A520DC /* AppDelegate.swift */; };
		E986F48C24ED55A100A520DC /* SceneDelegate.swift in Sources */ = {isa = PBXBuildFile; fileRef = E986F48B24ED55A100A520DC /* SceneDelegate.swift */; };
		E986F49324ED55A200A520DC /* Assets.xcassets in Resources */ = {isa = PBXBuildFile; fileRef = E986F49224ED55A200A520DC /* Assets.xcassets */; };
		E986F49624ED55A200A520DC /* LaunchScreen.storyboard in Resources */ = {isa = PBXBuildFile; fileRef = E986F49424ED55A200A520DC /* LaunchScreen.storyboard */; };
		E986F4A224ED7F5400A520DC /* Coordinator.swift in Sources */ = {isa = PBXBuildFile; fileRef = E986F4A124ED7F5400A520DC /* Coordinator.swift */; };
		E986F4A424ED7F6000A520DC /* MainCoordinator.swift in Sources */ = {isa = PBXBuildFile; fileRef = E986F4A324ED7F6000A520DC /* MainCoordinator.swift */; };
		E986F4A624ED887A00A520DC /* SearchAccountViewController.swift in Sources */ = {isa = PBXBuildFile; fileRef = E986F4A524ED887A00A520DC /* SearchAccountViewController.swift */; };
		E986F4A924ED88D500A520DC /* Extensions.swift in Sources */ = {isa = PBXBuildFile; fileRef = E986F4A824ED88D500A520DC /* Extensions.swift */; };
		E98CD4D324F152350078E554 /* AppColor.swift in Sources */ = {isa = PBXBuildFile; fileRef = E98CD4D224F152350078E554 /* AppColor.swift */; };
		E98CD4D624F15F380078E554 /* SearchresultByName.swift in Sources */ = {isa = PBXBuildFile; fileRef = E98CD4D524F15F380078E554 /* SearchresultByName.swift */; };
		E98CD4D824F18A9A0078E554 /* AccountTableViewCell.swift in Sources */ = {isa = PBXBuildFile; fileRef = E98CD4D724F18A9A0078E554 /* AccountTableViewCell.swift */; };
		E9B9072924EF0DA600587353 /* SearchAccountViewModel.swift in Sources */ = {isa = PBXBuildFile; fileRef = E9B9072824EF0DA600587353 /* SearchAccountViewModel.swift */; };
		E9B9072C24EF0DE700587353 /* AccountSearchRequestManager.swift in Sources */ = {isa = PBXBuildFile; fileRef = E9B9072B24EF0DE700587353 /* AccountSearchRequestManager.swift */; };
/* End PBXBuildFile section */

/* Begin PBXFileReference section */
		0C687AFD79C1C3A157E2C01D /* Pods-GitInfo.debug.xcconfig */ = {isa = PBXFileReference; includeInIndex = 1; lastKnownFileType = text.xcconfig; name = "Pods-GitInfo.debug.xcconfig"; path = "Target Support Files/Pods-GitInfo/Pods-GitInfo.debug.xcconfig"; sourceTree = "<group>"; };
		79ED5B6C14B0F0B6D05E4819 /* Pods_GitInfo.framework */ = {isa = PBXFileReference; explicitFileType = wrapper.framework; includeInIndex = 0; path = Pods_GitInfo.framework; sourceTree = BUILT_PRODUCTS_DIR; };
		E9813E0224F54BFD00346F1F /* RepoByLogin.swift */ = {isa = PBXFileReference; lastKnownFileType = sourcecode.swift; path = RepoByLogin.swift; sourceTree = "<group>"; };
		E9813E0424F54EA700346F1F /* RepoRequestObserver.swift */ = {isa = PBXFileReference; lastKnownFileType = sourcecode.swift; path = RepoRequestObserver.swift; sourceTree = "<group>"; };
		E9813E0624F54ED900346F1F /* RepoRequestManager.swift */ = {isa = PBXFileReference; lastKnownFileType = sourcecode.swift; path = RepoRequestManager.swift; sourceTree = "<group>"; };
		E9813E0B24F55D7400346F1F /* RepoTableViewCell.swift */ = {isa = PBXFileReference; lastKnownFileType = sourcecode.swift; path = RepoTableViewCell.swift; sourceTree = "<group>"; };
		E9818E8324F44D18003E95AF /* AccountRequestManager.swift */ = {isa = PBXFileReference; lastKnownFileType = sourcecode.swift; path = AccountRequestManager.swift; sourceTree = "<group>"; };
		E9818E8524F44E4C003E95AF /* UserByLogin.swift */ = {isa = PBXFileReference; lastKnownFileType = sourcecode.swift; path = UserByLogin.swift; sourceTree = "<group>"; };
		E9818E8724F44F41003E95AF /* AccountsSearchRequestObserver.swift */ = {isa = PBXFileReference; lastKnownFileType = sourcecode.swift; path = AccountsSearchRequestObserver.swift; sourceTree = "<group>"; };
		E9818E8924F44F57003E95AF /* AccountByLoginRequestObserver.swift */ = {isa = PBXFileReference; lastKnownFileType = sourcecode.swift; path = AccountByLoginRequestObserver.swift; sourceTree = "<group>"; };
		E985B8A524F293CE002BAC3D /* AccountDescriptionViewController.swift */ = {isa = PBXFileReference; lastKnownFileType = sourcecode.swift; path = AccountDescriptionViewController.swift; sourceTree = "<group>"; };
		E985B8A824F2940C002BAC3D /* AccountDescriptionViewModel.swift */ = {isa = PBXFileReference; lastKnownFileType = sourcecode.swift; path = AccountDescriptionViewModel.swift; sourceTree = "<group>"; };
		E986F48624ED55A100A520DC /* GitInfo.app */ = {isa = PBXFileReference; explicitFileType = wrapper.application; includeInIndex = 0; path = GitInfo.app; sourceTree = BUILT_PRODUCTS_DIR; };
		E986F48924ED55A100A520DC /* AppDelegate.swift */ = {isa = PBXFileReference; lastKnownFileType = sourcecode.swift; path = AppDelegate.swift; sourceTree = "<group>"; };
		E986F48B24ED55A100A520DC /* SceneDelegate.swift */ = {isa = PBXFileReference; lastKnownFileType = sourcecode.swift; path = SceneDelegate.swift; sourceTree = "<group>"; };
		E986F49224ED55A200A520DC /* Assets.xcassets */ = {isa = PBXFileReference; lastKnownFileType = folder.assetcatalog; path = Assets.xcassets; sourceTree = "<group>"; };
		E986F49524ED55A200A520DC /* Base */ = {isa = PBXFileReference; lastKnownFileType = file.storyboard; name = Base; path = Base.lproj/LaunchScreen.storyboard; sourceTree = "<group>"; };
		E986F49724ED55A200A520DC /* Info.plist */ = {isa = PBXFileReference; lastKnownFileType = text.plist.xml; path = Info.plist; sourceTree = "<group>"; };
		E986F4A124ED7F5400A520DC /* Coordinator.swift */ = {isa = PBXFileReference; lastKnownFileType = sourcecode.swift; path = Coordinator.swift; sourceTree = "<group>"; };
		E986F4A324ED7F6000A520DC /* MainCoordinator.swift */ = {isa = PBXFileReference; lastKnownFileType = sourcecode.swift; path = MainCoordinator.swift; sourceTree = "<group>"; };
		E986F4A524ED887A00A520DC /* SearchAccountViewController.swift */ = {isa = PBXFileReference; lastKnownFileType = sourcecode.swift; path = SearchAccountViewController.swift; sourceTree = "<group>"; };
		E986F4A824ED88D500A520DC /* Extensions.swift */ = {isa = PBXFileReference; lastKnownFileType = sourcecode.swift; path = Extensions.swift; sourceTree = "<group>"; };
		E98CD4D224F152350078E554 /* AppColor.swift */ = {isa = PBXFileReference; lastKnownFileType = sourcecode.swift; path = AppColor.swift; sourceTree = "<group>"; };
		E98CD4D524F15F380078E554 /* SearchresultByName.swift */ = {isa = PBXFileReference; lastKnownFileType = sourcecode.swift; path = SearchresultByName.swift; sourceTree = "<group>"; };
		E98CD4D724F18A9A0078E554 /* AccountTableViewCell.swift */ = {isa = PBXFileReference; lastKnownFileType = sourcecode.swift; path = AccountTableViewCell.swift; sourceTree = "<group>"; };
		E9B9072824EF0DA600587353 /* SearchAccountViewModel.swift */ = {isa = PBXFileReference; lastKnownFileType = sourcecode.swift; path = SearchAccountViewModel.swift; sourceTree = "<group>"; };
		E9B9072B24EF0DE700587353 /* AccountSearchRequestManager.swift */ = {isa = PBXFileReference; lastKnownFileType = sourcecode.swift; path = AccountSearchRequestManager.swift; sourceTree = "<group>"; };
		E9CF42631EC541CCF7D9FC4D /* Pods-GitInfo.release.xcconfig */ = {isa = PBXFileReference; includeInIndex = 1; lastKnownFileType = text.xcconfig; name = "Pods-GitInfo.release.xcconfig"; path = "Target Support Files/Pods-GitInfo/Pods-GitInfo.release.xcconfig"; sourceTree = "<group>"; };
/* End PBXFileReference section */

/* Begin PBXFrameworksBuildPhase section */
		E986F48324ED55A100A520DC /* Frameworks */ = {
			isa = PBXFrameworksBuildPhase;
			buildActionMask = 2147483647;
			files = (
				7DE7B5FF9621ECFA06739919 /* Pods_GitInfo.framework in Frameworks */,
			);
			runOnlyForDeploymentPostprocessing = 0;
		};
/* End PBXFrameworksBuildPhase section */

/* Begin PBXGroup section */
		19B4D0D44CCEB362C1075D52 /* Pods */ = {
			isa = PBXGroup;
			children = (
				0C687AFD79C1C3A157E2C01D /* Pods-GitInfo.debug.xcconfig */,
				E9CF42631EC541CCF7D9FC4D /* Pods-GitInfo.release.xcconfig */,
			);
			path = Pods;
			sourceTree = "<group>";
		};
		7643B315CD664A19D99077E8 /* Frameworks */ = {
			isa = PBXGroup;
			children = (
				79ED5B6C14B0F0B6D05E4819 /* Pods_GitInfo.framework */,
			);
			name = Frameworks;
			sourceTree = "<group>";
		};
		E9818E8B24F4514F003E95AF /* ObserverProtocols */ = {
			isa = PBXGroup;
			children = (
				E9818E8924F44F57003E95AF /* AccountByLoginRequestObserver.swift */,
				E9818E8724F44F41003E95AF /* AccountsSearchRequestObserver.swift */,
				E9813E0424F54EA700346F1F /* RepoRequestObserver.swift */,
			);
			path = ObserverProtocols;
			sourceTree = "<group>";
		};
		E9818E8C24F45165003E95AF /* RequestManagers */ = {
			isa = PBXGroup;
			children = (
				E9B9072B24EF0DE700587353 /* AccountSearchRequestManager.swift */,
				E9818E8324F44D18003E95AF /* AccountRequestManager.swift */,
				E9813E0624F54ED900346F1F /* RepoRequestManager.swift */,
			);
			path = RequestManagers;
			sourceTree = "<group>";
		};
		E985B8A324F2938D002BAC3D /* SearchAccount */ = {
			isa = PBXGroup;
			children = (
				E986F4A524ED887A00A520DC /* SearchAccountViewController.swift */,
				E98CD4D724F18A9A0078E554 /* AccountTableViewCell.swift */,
			);
			path = SearchAccount;
			sourceTree = "<group>";
		};
		E985B8A424F293AA002BAC3D /* AccountDescription */ = {
			isa = PBXGroup;
			children = (
				E985B8A524F293CE002BAC3D /* AccountDescriptionViewController.swift */,
				E9813E0B24F55D7400346F1F /* RepoTableViewCell.swift */,
			);
			path = AccountDescription;
			sourceTree = "<group>";
		};
		E985B8A724F293FA002BAC3D /* AccountDescription */ = {
			isa = PBXGroup;
			children = (
				E985B8A824F2940C002BAC3D /* AccountDescriptionViewModel.swift */,
			);
			path = AccountDescription;
			sourceTree = "<group>";
		};
		E986F47D24ED55A100A520DC = {
			isa = PBXGroup;
			children = (
				E986F48824ED55A100A520DC /* GitInfo */,
				E986F48724ED55A100A520DC /* Products */,
				19B4D0D44CCEB362C1075D52 /* Pods */,
				7643B315CD664A19D99077E8 /* Frameworks */,
			);
			sourceTree = "<group>";
		};
		E986F48724ED55A100A520DC /* Products */ = {
			isa = PBXGroup;
			children = (
				E986F48624ED55A100A520DC /* GitInfo.app */,
			);
			name = Products;
			sourceTree = "<group>";
		};
		E986F48824ED55A100A520DC /* GitInfo */ = {
			isa = PBXGroup;
			children = (
				E986F4A724ED88C200A520DC /* Assistance */,
				E986F49F24ED7F3100A520DC /* View */,
				E986F49E24ED7F2A00A520DC /* ViewModel */,
				E986F49D24ED7F2000A520DC /* Model */,
				E986F48924ED55A100A520DC /* AppDelegate.swift */,
				E986F48B24ED55A100A520DC /* SceneDelegate.swift */,
				E986F49224ED55A200A520DC /* Assets.xcassets */,
				E986F49424ED55A200A520DC /* LaunchScreen.storyboard */,
				E986F49724ED55A200A520DC /* Info.plist */,
			);
			path = GitInfo;
			sourceTree = "<group>";
		};
		E986F49D24ED7F2000A520DC /* Model */ = {
			isa = PBXGroup;
			children = (
				E9B9072A24EF0DD700587353 /* Network */,
			);
			path = Model;
			sourceTree = "<group>";
		};
		E986F49E24ED7F2A00A520DC /* ViewModel */ = {
			isa = PBXGroup;
			children = (
				E985B8A724F293FA002BAC3D /* AccountDescription */,
				E9B9072724EEA35900587353 /* SearchAccount */,
				E986F4A024ED7F4200A520DC /* Coordination */,
			);
			path = ViewModel;
			sourceTree = "<group>";
		};
		E986F49F24ED7F3100A520DC /* View */ = {
			isa = PBXGroup;
			children = (
				E985B8A424F293AA002BAC3D /* AccountDescription */,
				E985B8A324F2938D002BAC3D /* SearchAccount */,
			);
			path = View;
			sourceTree = "<group>";
		};
		E986F4A024ED7F4200A520DC /* Coordination */ = {
			isa = PBXGroup;
			children = (
				E986F4A124ED7F5400A520DC /* Coordinator.swift */,
				E986F4A324ED7F6000A520DC /* MainCoordinator.swift */,
			);
			path = Coordination;
			sourceTree = "<group>";
		};
		E986F4A724ED88C200A520DC /* Assistance */ = {
			isa = PBXGroup;
			children = (
				E986F4A824ED88D500A520DC /* Extensions.swift */,
				E98CD4D224F152350078E554 /* AppColor.swift */,
			);
			path = Assistance;
			sourceTree = "<group>";
		};
		E98CD4D424F15F0B0078E554 /* CodableObjects */ = {
			isa = PBXGroup;
			children = (
				E98CD4D524F15F380078E554 /* SearchresultByName.swift */,
				E9818E8524F44E4C003E95AF /* UserByLogin.swift */,
				E9813E0224F54BFD00346F1F /* RepoByLogin.swift */,
			);
			path = CodableObjects;
			sourceTree = "<group>";
		};
		E9B9072724EEA35900587353 /* SearchAccount */ = {
			isa = PBXGroup;
			children = (
				E9B9072824EF0DA600587353 /* SearchAccountViewModel.swift */,
			);
			path = SearchAccount;
			sourceTree = "<group>";
		};
		E9B9072A24EF0DD700587353 /* Network */ = {
			isa = PBXGroup;
			children = (
				E9818E8C24F45165003E95AF /* RequestManagers */,
				E9818E8B24F4514F003E95AF /* ObserverProtocols */,
				E98CD4D424F15F0B0078E554 /* CodableObjects */,
			);
			path = Network;
			sourceTree = "<group>";
		};
/* End PBXGroup section */

/* Begin PBXNativeTarget section */
		E986F48524ED55A100A520DC /* GitInfo */ = {
			isa = PBXNativeTarget;
			buildConfigurationList = E986F49A24ED55A200A520DC /* Build configuration list for PBXNativeTarget "GitInfo" */;
			buildPhases = (
				4AA71A6CCDABB40C285BC3C1 /* [CP] Check Pods Manifest.lock */,
				E986F48224ED55A100A520DC /* Sources */,
				E986F48324ED55A100A520DC /* Frameworks */,
				E986F48424ED55A100A520DC /* Resources */,
				15C0EF0483B5B30EDF860D15 /* [CP] Embed Pods Frameworks */,
			);
			buildRules = (
			);
			dependencies = (
			);
			name = GitInfo;
			productName = GitInfo;
			productReference = E986F48624ED55A100A520DC /* GitInfo.app */;
			productType = "com.apple.product-type.application";
		};
/* End PBXNativeTarget section */

/* Begin PBXProject section */
		E986F47E24ED55A100A520DC /* Project object */ = {
			isa = PBXProject;
			attributes = {
				LastSwiftUpdateCheck = 1130;
				LastUpgradeCheck = 1130;
				ORGANIZATIONNAME = Lakobib;
				TargetAttributes = {
					E986F48524ED55A100A520DC = {
						CreatedOnToolsVersion = 11.3.1;
					};
				};
			};
			buildConfigurationList = E986F48124ED55A100A520DC /* Build configuration list for PBXProject "GitInfo" */;
			compatibilityVersion = "Xcode 9.3";
			developmentRegion = en;
			hasScannedForEncodings = 0;
			knownRegions = (
				en,
				Base,
			);
			mainGroup = E986F47D24ED55A100A520DC;
			productRefGroup = E986F48724ED55A100A520DC /* Products */;
			projectDirPath = "";
			projectRoot = "";
			targets = (
				E986F48524ED55A100A520DC /* GitInfo */,
			);
		};
/* End PBXProject section */

/* Begin PBXResourcesBuildPhase section */
		E986F48424ED55A100A520DC /* Resources */ = {
			isa = PBXResourcesBuildPhase;
			buildActionMask = 2147483647;
			files = (
				E986F49624ED55A200A520DC /* LaunchScreen.storyboard in Resources */,
				E986F49324ED55A200A520DC /* Assets.xcassets in Resources */,
			);
			runOnlyForDeploymentPostprocessing = 0;
		};
/* End PBXResourcesBuildPhase section */

/* Begin PBXShellScriptBuildPhase section */
		15C0EF0483B5B30EDF860D15 /* [CP] Embed Pods Frameworks */ = {
			isa = PBXShellScriptBuildPhase;
			buildActionMask = 2147483647;
			files = (
			);
			inputFileListPaths = (
				"${PODS_ROOT}/Target Support Files/Pods-GitInfo/Pods-GitInfo-frameworks-${CONFIGURATION}-input-files.xcfilelist",
			);
			name = "[CP] Embed Pods Frameworks";
			outputFileListPaths = (
				"${PODS_ROOT}/Target Support Files/Pods-GitInfo/Pods-GitInfo-frameworks-${CONFIGURATION}-output-files.xcfilelist",
			);
			runOnlyForDeploymentPostprocessing = 0;
			shellPath = /bin/sh;
			shellScript = "\"${PODS_ROOT}/Target Support Files/Pods-GitInfo/Pods-GitInfo-frameworks.sh\"\n";
			showEnvVarsInLog = 0;
		};
		4AA71A6CCDABB40C285BC3C1 /* [CP] Check Pods Manifest.lock */ = {
			isa = PBXShellScriptBuildPhase;
			buildActionMask = 2147483647;
			files = (
			);
			inputFileListPaths = (
			);
			inputPaths = (
				"${PODS_PODFILE_DIR_PATH}/Podfile.lock",
				"${PODS_ROOT}/Manifest.lock",
			);
			name = "[CP] Check Pods Manifest.lock";
			outputFileListPaths = (
			);
			outputPaths = (
				"$(DERIVED_FILE_DIR)/Pods-GitInfo-checkManifestLockResult.txt",
			);
			runOnlyForDeploymentPostprocessing = 0;
			shellPath = /bin/sh;
			shellScript = "diff \"${PODS_PODFILE_DIR_PATH}/Podfile.lock\" \"${PODS_ROOT}/Manifest.lock\" > /dev/null\nif [ $? != 0 ] ; then\n    # print error to STDERR\n    echo \"error: The sandbox is not in sync with the Podfile.lock. Run 'pod install' or update your CocoaPods installation.\" >&2\n    exit 1\nfi\n# This output is used by Xcode 'outputs' to avoid re-running this script phase.\necho \"SUCCESS\" > \"${SCRIPT_OUTPUT_FILE_0}\"\n";
			showEnvVarsInLog = 0;
		};
/* End PBXShellScriptBuildPhase section */

/* Begin PBXSourcesBuildPhase section */
		E986F48224ED55A100A520DC /* Sources */ = {
			isa = PBXSourcesBuildPhase;
			buildActionMask = 2147483647;
			files = (
				E9818E8624F44E4C003E95AF /* UserByLogin.swift in Sources */,
				E9813E0724F54ED900346F1F /* RepoRequestManager.swift in Sources */,
				E986F4A224ED7F5400A520DC /* Coordinator.swift in Sources */,
				E98CD4D624F15F380078E554 /* SearchresultByName.swift in Sources */,
				E985B8A924F2940C002BAC3D /* AccountDescriptionViewModel.swift in Sources */,
				E98CD4D324F152350078E554 /* AppColor.swift in Sources */,
				E986F4A624ED887A00A520DC /* SearchAccountViewController.swift in Sources */,
				E9813E0524F54EA700346F1F /* RepoRequestObserver.swift in Sources */,
				E986F48A24ED55A100A520DC /* AppDelegate.swift in Sources */,
				E9818E8424F44D18003E95AF /* AccountRequestManager.swift in Sources */,
				E985B8A624F293CE002BAC3D /* AccountDescriptionViewController.swift in Sources */,
				E98CD4D824F18A9A0078E554 /* AccountTableViewCell.swift in Sources */,
				E9818E8824F44F41003E95AF /* AccountsSearchRequestObserver.swift in Sources */,
				E986F4A424ED7F6000A520DC /* MainCoordinator.swift in Sources */,
				E986F48C24ED55A100A520DC /* SceneDelegate.swift in Sources */,
				E9818E8A24F44F57003E95AF /* AccountByLoginRequestObserver.swift in Sources */,
				E9B9072C24EF0DE700587353 /* AccountSearchRequestManager.swift in Sources */,
				E9813E0C24F55D7400346F1F /* RepoTableViewCell.swift in Sources */,
				E9B9072924EF0DA600587353 /* SearchAccountViewModel.swift in Sources */,
				E9813E0324F54BFD00346F1F /* RepoByLogin.swift in Sources */,
				E986F4A924ED88D500A520DC /* Extensions.swift in Sources */,
			);
			runOnlyForDeploymentPostprocessing = 0;
		};
/* End PBXSourcesBuildPhase section */

/* Begin PBXVariantGroup section */
		E986F49424ED55A200A520DC /* LaunchScreen.storyboard */ = {
			isa = PBXVariantGroup;
			children = (
				E986F49524ED55A200A520DC /* Base */,
			);
			name = LaunchScreen.storyboard;
			sourceTree = "<group>";
		};
/* End PBXVariantGroup section */

/* Begin XCBuildConfiguration section */
		E986F49824ED55A200A520DC /* Debug */ = {
			isa = XCBuildConfiguration;
			buildSettings = {
				ALWAYS_SEARCH_USER_PATHS = NO;
				CLANG_ANALYZER_NONNULL = YES;
				CLANG_ANALYZER_NUMBER_OBJECT_CONVERSION = YES_AGGRESSIVE;
				CLANG_CXX_LANGUAGE_STANDARD = "gnu++14";
				CLANG_CXX_LIBRARY = "libc++";
				CLANG_ENABLE_MODULES = YES;
				CLANG_ENABLE_OBJC_ARC = YES;
				CLANG_ENABLE_OBJC_WEAK = YES;
				CLANG_WARN_BLOCK_CAPTURE_AUTORELEASING = YES;
				CLANG_WARN_BOOL_CONVERSION = YES;
				CLANG_WARN_COMMA = YES;
				CLANG_WARN_CONSTANT_CONVERSION = YES;
				CLANG_WARN_DEPRECATED_OBJC_IMPLEMENTATIONS = YES;
				CLANG_WARN_DIRECT_OBJC_ISA_USAGE = YES_ERROR;
				CLANG_WARN_DOCUMENTATION_COMMENTS = YES;
				CLANG_WARN_EMPTY_BODY = YES;
				CLANG_WARN_ENUM_CONVERSION = YES;
				CLANG_WARN_INFINITE_RECURSION = YES;
				CLANG_WARN_INT_CONVERSION = YES;
				CLANG_WARN_NON_LITERAL_NULL_CONVERSION = YES;
				CLANG_WARN_OBJC_IMPLICIT_RETAIN_SELF = YES;
				CLANG_WARN_OBJC_LITERAL_CONVERSION = YES;
				CLANG_WARN_OBJC_ROOT_CLASS = YES_ERROR;
				CLANG_WARN_RANGE_LOOP_ANALYSIS = YES;
				CLANG_WARN_STRICT_PROTOTYPES = YES;
				CLANG_WARN_SUSPICIOUS_MOVE = YES;
				CLANG_WARN_UNGUARDED_AVAILABILITY = YES_AGGRESSIVE;
				CLANG_WARN_UNREACHABLE_CODE = YES;
				CLANG_WARN__DUPLICATE_METHOD_MATCH = YES;
				COPY_PHASE_STRIP = NO;
				DEBUG_INFORMATION_FORMAT = dwarf;
				ENABLE_STRICT_OBJC_MSGSEND = YES;
				ENABLE_TESTABILITY = YES;
				GCC_C_LANGUAGE_STANDARD = gnu11;
				GCC_DYNAMIC_NO_PIC = NO;
				GCC_NO_COMMON_BLOCKS = YES;
				GCC_OPTIMIZATION_LEVEL = 0;
				GCC_PREPROCESSOR_DEFINITIONS = (
					"DEBUG=1",
					"$(inherited)",
				);
				GCC_WARN_64_TO_32_BIT_CONVERSION = YES;
				GCC_WARN_ABOUT_RETURN_TYPE = YES_ERROR;
				GCC_WARN_UNDECLARED_SELECTOR = YES;
				GCC_WARN_UNINITIALIZED_AUTOS = YES_AGGRESSIVE;
				GCC_WARN_UNUSED_FUNCTION = YES;
				GCC_WARN_UNUSED_VARIABLE = YES;
				IPHONEOS_DEPLOYMENT_TARGET = 11.0;
				MTL_ENABLE_DEBUG_INFO = INCLUDE_SOURCE;
				MTL_FAST_MATH = YES;
				ONLY_ACTIVE_ARCH = YES;
				SDKROOT = iphoneos;
				SWIFT_ACTIVE_COMPILATION_CONDITIONS = DEBUG;
				SWIFT_OPTIMIZATION_LEVEL = "-Onone";
			};
			name = Debug;
		};
		E986F49924ED55A200A520DC /* Release */ = {
			isa = XCBuildConfiguration;
			buildSettings = {
				ALWAYS_SEARCH_USER_PATHS = NO;
				CLANG_ANALYZER_NONNULL = YES;
				CLANG_ANALYZER_NUMBER_OBJECT_CONVERSION = YES_AGGRESSIVE;
				CLANG_CXX_LANGUAGE_STANDARD = "gnu++14";
				CLANG_CXX_LIBRARY = "libc++";
				CLANG_ENABLE_MODULES = YES;
				CLANG_ENABLE_OBJC_ARC = YES;
				CLANG_ENABLE_OBJC_WEAK = YES;
				CLANG_WARN_BLOCK_CAPTURE_AUTORELEASING = YES;
				CLANG_WARN_BOOL_CONVERSION = YES;
				CLANG_WARN_COMMA = YES;
				CLANG_WARN_CONSTANT_CONVERSION = YES;
				CLANG_WARN_DEPRECATED_OBJC_IMPLEMENTATIONS = YES;
				CLANG_WARN_DIRECT_OBJC_ISA_USAGE = YES_ERROR;
				CLANG_WARN_DOCUMENTATION_COMMENTS = YES;
				CLANG_WARN_EMPTY_BODY = YES;
				CLANG_WARN_ENUM_CONVERSION = YES;
				CLANG_WARN_INFINITE_RECURSION = YES;
				CLANG_WARN_INT_CONVERSION = YES;
				CLANG_WARN_NON_LITERAL_NULL_CONVERSION = YES;
				CLANG_WARN_OBJC_IMPLICIT_RETAIN_SELF = YES;
				CLANG_WARN_OBJC_LITERAL_CONVERSION = YES;
				CLANG_WARN_OBJC_ROOT_CLASS = YES_ERROR;
				CLANG_WARN_RANGE_LOOP_ANALYSIS = YES;
				CLANG_WARN_STRICT_PROTOTYPES = YES;
				CLANG_WARN_SUSPICIOUS_MOVE = YES;
				CLANG_WARN_UNGUARDED_AVAILABILITY = YES_AGGRESSIVE;
				CLANG_WARN_UNREACHABLE_CODE = YES;
				CLANG_WARN__DUPLICATE_METHOD_MATCH = YES;
				COPY_PHASE_STRIP = NO;
				DEBUG_INFORMATION_FORMAT = "dwarf-with-dsym";
				ENABLE_NS_ASSERTIONS = NO;
				ENABLE_STRICT_OBJC_MSGSEND = YES;
				GCC_C_LANGUAGE_STANDARD = gnu11;
				GCC_NO_COMMON_BLOCKS = YES;
				GCC_WARN_64_TO_32_BIT_CONVERSION = YES;
				GCC_WARN_ABOUT_RETURN_TYPE = YES_ERROR;
				GCC_WARN_UNDECLARED_SELECTOR = YES;
				GCC_WARN_UNINITIALIZED_AUTOS = YES_AGGRESSIVE;
				GCC_WARN_UNUSED_FUNCTION = YES;
				GCC_WARN_UNUSED_VARIABLE = YES;
				IPHONEOS_DEPLOYMENT_TARGET = 11.0;
				MTL_ENABLE_DEBUG_INFO = NO;
				MTL_FAST_MATH = YES;
				SDKROOT = iphoneos;
				SWIFT_COMPILATION_MODE = wholemodule;
				SWIFT_OPTIMIZATION_LEVEL = "-O";
				VALIDATE_PRODUCT = YES;
			};
			name = Release;
		};
		E986F49B24ED55A200A520DC /* Debug */ = {
			isa = XCBuildConfiguration;
			baseConfigurationReference = 0C687AFD79C1C3A157E2C01D /* Pods-GitInfo.debug.xcconfig */;
			buildSettings = {
				ASSETCATALOG_COMPILER_APPICON_NAME = AppIcon;
				CODE_SIGN_STYLE = Automatic;
				IBSC_FLATTEN_NIBS = YES;
				INFOPLIST_FILE = GitInfo/Info.plist;
				IPHONEOS_DEPLOYMENT_TARGET = 11.0;
				LD_RUNPATH_SEARCH_PATHS = (
					"$(inherited)",
					"@executable_path/Frameworks",
				);
				PRODUCT_BUNDLE_IDENTIFIER = Lakobib.GitInfo;
				PRODUCT_NAME = "$(TARGET_NAME)";
				SWIFT_VERSION = 5.0;
				TARGETED_DEVICE_FAMILY = 1;
			};
			name = Debug;
		};
		E986F49C24ED55A200A520DC /* Release */ = {
			isa = XCBuildConfiguration;
			baseConfigurationReference = E9CF42631EC541CCF7D9FC4D /* Pods-GitInfo.release.xcconfig */;
			buildSettings = {
				ASSETCATALOG_COMPILER_APPICON_NAME = AppIcon;
				CODE_SIGN_STYLE = Automatic;
				IBSC_FLATTEN_NIBS = YES;
				INFOPLIST_FILE = GitInfo/Info.plist;
				IPHONEOS_DEPLOYMENT_TARGET = 11.0;
				LD_RUNPATH_SEARCH_PATHS = (
					"$(inherited)",
					"@executable_path/Frameworks",
				);
				PRODUCT_BUNDLE_IDENTIFIER = Lakobib.GitInfo;
				PRODUCT_NAME = "$(TARGET_NAME)";
				SWIFT_VERSION = 5.0;
				TARGETED_DEVICE_FAMILY = 1;
			};
			name = Release;
		};
/* End XCBuildConfiguration section */

/* Begin XCConfigurationList section */
		E986F48124ED55A100A520DC /* Build configuration list for PBXProject "GitInfo" */ = {
			isa = XCConfigurationList;
			buildConfigurations = (
				E986F49824ED55A200A520DC /* Debug */,
				E986F49924ED55A200A520DC /* Release */,
			);
			defaultConfigurationIsVisible = 0;
			defaultConfigurationName = Release;
		};
		E986F49A24ED55A200A520DC /* Build configuration list for PBXNativeTarget "GitInfo" */ = {
			isa = XCConfigurationList;
			buildConfigurations = (
				E986F49B24ED55A200A520DC /* Debug */,
				E986F49C24ED55A200A520DC /* Release */,
			);
			defaultConfigurationIsVisible = 0;
			defaultConfigurationName = Release;
		};
/* End XCConfigurationList section */
	};
	rootObject = E986F47E24ED55A100A520DC /* Project object */;
}
